
Microsoft Visual Studio Solution File, Format Version 12.00
Project("{FAE04EC0-301F-11D3-BF4B-00C04F79EFBC}") = "SweepingBlade.WindowsRegistry", "SweepingBlade.WindowsRegistry\SweepingBlade.WindowsRegistry.csproj", "{08C35D36-A536-43B1-A300-0D9DFF2DB17B}"
EndProject
Project("{FAE04EC0-301F-11D3-BF4B-00C04F79EFBC}") = "SweepingBlade.WindowsRegistry.Win32", "SweepingBlade.WindowsRegistry.Win32\SweepingBlade.WindowsRegistry.Win32.csproj", "{32BF7201-EA36-4242-9F1A-F46EECD47C71}"
EndProject
Global
	GlobalSection(SolutionConfigurationPlatforms) = preSolution
		Debug|Any CPU = Debug|Any CPU
		Release|Any CPU = Release|Any CPU
	EndGlobalSection
	GlobalSection(ProjectConfigurationPlatforms) = postSolution
		{08C35D36-A536-43B1-A300-0D9DFF2DB17B}.Debug|Any CPU.ActiveCfg = Debug|Any CPU
		{08C35D36-A536-43B1-A300-0D9DFF2DB17B}.Debug|Any CPU.Build.0 = Debug|Any CPU
		{08C35D36-A536-43B1-A300-0D9DFF2DB17B}.Release|Any CPU.ActiveCfg = Release|Any CPU
		{08C35D36-A536-43B1-A300-0D9DFF2DB17B}.Release|Any CPU.Build.0 = Release|Any CPU
		{32BF7201-EA36-4242-9F1A-F46EECD47C71}.Debug|Any CPU.ActiveCfg = Debug|Any CPU
		{32BF7201-EA36-4242-9F1A-F46EECD47C71}.Debug|Any CPU.Build.0 = Debug|Any CPU
		{32BF7201-EA36-4242-9F1A-F46EECD47C71}.Release|Any CPU.ActiveCfg = Release|Any CPU
		{32BF7201-EA36-4242-9F1A-F46EECD47C71}.Release|Any CPU.Build.0 = Release|Any CPU
	EndGlobalSection
EndGlobal
